
Microsoft Visual Studio Solution File, Format Version 12.00
# Visual Studio Version 16
VisualStudioVersion = 16.0.32228.343
MinimumVisualStudioVersion = 10.0.40219.1
Project("{FAE04EC0-301F-11D3-BF4B-00C04F79EFBC}") = "library_man", "library_man.csproj", "{E453D96E-E91E-4D47-AD11-A4942FBAADBD}"
EndProject
Global
	GlobalSection(SolutionConfigurationPlatforms) = preSolution
		Debug|Any CPU = Debug|Any CPU
		Release|Any CPU = Release|Any CPU
	EndGlobalSection
	GlobalSection(ProjectConfigurationPlatforms) = postSolution
		{E453D96E-E91E-4D47-AD11-A4942FBAADBD}.Debug|Any CPU.ActiveCfg = Debug|Any CPU
		{E453D96E-E91E-4D47-AD11-A4942FBAADBD}.Debug|Any CPU.Build.0 = Debug|Any CPU
		{E453D96E-E91E-4D47-AD11-A4942FBAADBD}.Release|Any CPU.ActiveCfg = Release|Any CPU
		{E453D96E-E91E-4D47-AD11-A4942FBAADBD}.Release|Any CPU.Build.0 = Release|Any CPU
	EndGlobalSection
	GlobalSection(SolutionProperties) = preSolution
		HideSolutionNode = FALSE
	EndGlobalSection
	GlobalSection(ExtensibilityGlobals) = postSolution
		SolutionGuid = {22FD3DCA-E3E2-4A65-B9D6-17BA74F9E416}
	EndGlobalSection
EndGlobal
